
Microsoft Visual Studio Solution File, Format Version 12.00
# Visual Studio Version 17
VisualStudioVersion = 17.11.35327.3
MinimumVisualStudioVersion = 10.0.40219.1
Project("{9A19103F-16F7-4668-BE54-9A1E7A4F7556}") = "BroCodeTwo", "BroCodeTwo\BroCodeTwo.csproj", "{64468E57-A3DF-4FAC-A480-01ED95EA61D7}"
EndProject
Project("{FAE04EC0-301F-11D3-BF4B-00C04F79EFBC}") = "Sample", "Sample\Sample.csproj", "{CFA912E1-5CF0-4DF7-9E59-DBE05BDAB573}"
EndProject
Global
	GlobalSection(SolutionConfigurationPlatforms) = preSolution
		Debug|Any CPU = Debug|Any CPU
		Release|Any CPU = Release|Any CPU
	EndGlobalSection
	GlobalSection(ProjectConfigurationPlatforms) = postSolution
		{64468E57-A3DF-4FAC-A480-01ED95EA61D7}.Debug|Any CPU.ActiveCfg = Debug|Any CPU
		{64468E57-A3DF-4FAC-A480-01ED95EA61D7}.Debug|Any CPU.Build.0 = Debug|Any CPU
		{64468E57-A3DF-4FAC-A480-01ED95EA61D7}.Release|Any CPU.ActiveCfg = Release|Any CPU
		{64468E57-A3DF-4FAC-A480-01ED95EA61D7}.Release|Any CPU.Build.0 = Release|Any CPU
		{CFA912E1-5CF0-4DF7-9E59-DBE05BDAB573}.Debug|Any CPU.ActiveCfg = Debug|Any CPU
		{CFA912E1-5CF0-4DF7-9E59-DBE05BDAB573}.Debug|Any CPU.Build.0 = Debug|Any CPU
		{CFA912E1-5CF0-4DF7-9E59-DBE05BDAB573}.Release|Any CPU.ActiveCfg = Release|Any CPU
		{CFA912E1-5CF0-4DF7-9E59-DBE05BDAB573}.Release|Any CPU.Build.0 = Release|Any CPU
	EndGlobalSection
	GlobalSection(SolutionProperties) = preSolution
		HideSolutionNode = FALSE
	EndGlobalSection
	GlobalSection(ExtensibilityGlobals) = postSolution
		SolutionGuid = {2CD2D397-D4D7-4A2C-90B8-BF03F4E246D4}
	EndGlobalSection
EndGlobal
